// !$*UTF8*$!
{
	archiveVersion = 1;
	classes = {
	};
	objectVersion = 50;
	objects = {

/* Begin PBXBuildFile section */
		885EEB7325BB567E00D2DE0A /* CityCollectionViewCell.swift in Sources */ = {isa = PBXBuildFile; fileRef = 885EEB7225BB567E00D2DE0A /* CityCollectionViewCell.swift */; };
		885EEB7625BB570C00D2DE0A /* CityCollectionViewCell.xib in Resources */ = {isa = PBXBuildFile; fileRef = 885EEB7525BB570C00D2DE0A /* CityCollectionViewCell.xib */; };
		885EEB7C25BB5A8A00D2DE0A /* Weather.swift in Sources */ = {isa = PBXBuildFile; fileRef = 885EEB7B25BB5A8A00D2DE0A /* Weather.swift */; };
		885EEB8025BB5E3300D2DE0A /* Secrets.swift in Sources */ = {isa = PBXBuildFile; fileRef = 885EEB7F25BB5E3300D2DE0A /* Secrets.swift */; };
		885EEB8425BB5F1200D2DE0A /* NetworkService.swift in Sources */ = {isa = PBXBuildFile; fileRef = 885EEB8325BB5F1200D2DE0A /* NetworkService.swift */; };
		885EEB8A25BB60BE00D2DE0A /* WeatherNetworkManager.swift in Sources */ = {isa = PBXBuildFile; fileRef = 885EEB8925BB60BE00D2DE0A /* WeatherNetworkManager.swift */; };
		885EEB8E25BC14CF00D2DE0A /* URLProvider.swift in Sources */ = {isa = PBXBuildFile; fileRef = 885EEB8D25BC14CF00D2DE0A /* URLProvider.swift */; };
		885EEB9425BC7D5800D2DE0A /* CityDetailViewController.swift in Sources */ = {isa = PBXBuildFile; fileRef = 885EEB9325BC7D5800D2DE0A /* CityDetailViewController.swift */; };
		885EEB9925BC84AB00D2DE0A /* UIView.swift in Sources */ = {isa = PBXBuildFile; fileRef = 885EEB9825BC84AB00D2DE0A /* UIView.swift */; };
		885EEB9D25BCB70A00D2DE0A /* DatabaseManager.swift in Sources */ = {isa = PBXBuildFile; fileRef = 885EEB9C25BCB70A00D2DE0A /* DatabaseManager.swift */; };
		885EEBA125BCC21000D2DE0A /* DetailCollectionViewCell.xib in Resources */ = {isa = PBXBuildFile; fileRef = 885EEBA025BCC21000D2DE0A /* DetailCollectionViewCell.xib */; };
		885EEBA425BCC39600D2DE0A /* DetailCollectionViewCell.swift in Sources */ = {isa = PBXBuildFile; fileRef = 885EEBA325BCC39600D2DE0A /* DetailCollectionViewCell.swift */; };
		885EEBA925BCD3C000D2DE0A /* Details.swift in Sources */ = {isa = PBXBuildFile; fileRef = 885EEBA825BCD3C000D2DE0A /* Details.swift */; };
		885EEBAD25BCD3F800D2DE0A /* TemperatureFormatter.swift in Sources */ = {isa = PBXBuildFile; fileRef = 885EEBAC25BCD3F800D2DE0A /* TemperatureFormatter.swift */; };
		885EEBB225BCD55300D2DE0A /* CustomDateFormatter.swift in Sources */ = {isa = PBXBuildFile; fileRef = 885EEBB125BCD55300D2DE0A /* CustomDateFormatter.swift */; };
		887E245525BADECB00560B57 /* AppDelegate.swift in Sources */ = {isa = PBXBuildFile; fileRef = 887E245425BADECB00560B57 /* AppDelegate.swift */; };
		887E245725BADECB00560B57 /* SceneDelegate.swift in Sources */ = {isa = PBXBuildFile; fileRef = 887E245625BADECB00560B57 /* SceneDelegate.swift */; };
		887E245925BADECB00560B57 /* CitiesViewController.swift in Sources */ = {isa = PBXBuildFile; fileRef = 887E245825BADECB00560B57 /* CitiesViewController.swift */; };
		887E245C25BADECB00560B57 /* Main.storyboard in Resources */ = {isa = PBXBuildFile; fileRef = 887E245A25BADECB00560B57 /* Main.storyboard */; };
		887E245E25BADECD00560B57 /* Assets.xcassets in Resources */ = {isa = PBXBuildFile; fileRef = 887E245D25BADECD00560B57 /* Assets.xcassets */; };
		887E246125BADECD00560B57 /* LaunchScreen.storyboard in Resources */ = {isa = PBXBuildFile; fileRef = 887E245F25BADECD00560B57 /* LaunchScreen.storyboard */; };
		88CE03C825BDC633002C11AF /* Prediction.swift in Sources */ = {isa = PBXBuildFile; fileRef = 88CE03C725BDC633002C11AF /* Prediction.swift */; };
		88CE03CC25BDC9AE002C11AF /* ForecastCollectionViewDataSource.swift in Sources */ = {isa = PBXBuildFile; fileRef = 88CE03CB25BDC9AE002C11AF /* ForecastCollectionViewDataSource.swift */; };
		88CE03D025BDCAA0002C11AF /* ForecastCollectionViewCell.swift in Sources */ = {isa = PBXBuildFile; fileRef = 88CE03CF25BDCAA0002C11AF /* ForecastCollectionViewCell.swift */; };
		88CE03D425BDCB20002C11AF /* ForecastCollectionViewCell.xib in Resources */ = {isa = PBXBuildFile; fileRef = 88CE03D325BDCB20002C11AF /* ForecastCollectionViewCell.xib */; };
		88CE03D725BDCE7B002C11AF /* ForecastCollectionViewDelegate.swift in Sources */ = {isa = PBXBuildFile; fileRef = 88CE03D625BDCE7B002C11AF /* ForecastCollectionViewDelegate.swift */; };
/* End PBXBuildFile section */

/* Begin PBXFileReference section */
		885EEB7225BB567E00D2DE0A /* CityCollectionViewCell.swift */ = {isa = PBXFileReference; lastKnownFileType = sourcecode.swift; path = CityCollectionViewCell.swift; sourceTree = "<group>"; };
		885EEB7525BB570C00D2DE0A /* CityCollectionViewCell.xib */ = {isa = PBXFileReference; lastKnownFileType = file.xib; path = CityCollectionViewCell.xib; sourceTree = "<group>"; };
		885EEB7B25BB5A8A00D2DE0A /* Weather.swift */ = {isa = PBXFileReference; lastKnownFileType = sourcecode.swift; path = Weather.swift; sourceTree = "<group>"; };
		885EEB7F25BB5E3300D2DE0A /* Secrets.swift */ = {isa = PBXFileReference; lastKnownFileType = sourcecode.swift; path = Secrets.swift; sourceTree = "<group>"; };
		885EEB8325BB5F1200D2DE0A /* NetworkService.swift */ = {isa = PBXFileReference; lastKnownFileType = sourcecode.swift; path = NetworkService.swift; sourceTree = "<group>"; };
		885EEB8925BB60BE00D2DE0A /* WeatherNetworkManager.swift */ = {isa = PBXFileReference; lastKnownFileType = sourcecode.swift; path = WeatherNetworkManager.swift; sourceTree = "<group>"; };
		885EEB8D25BC14CF00D2DE0A /* URLProvider.swift */ = {isa = PBXFileReference; lastKnownFileType = sourcecode.swift; path = URLProvider.swift; sourceTree = "<group>"; };
		885EEB9325BC7D5800D2DE0A /* CityDetailViewController.swift */ = {isa = PBXFileReference; lastKnownFileType = sourcecode.swift; path = CityDetailViewController.swift; sourceTree = "<group>"; };
		885EEB9825BC84AB00D2DE0A /* UIView.swift */ = {isa = PBXFileReference; lastKnownFileType = sourcecode.swift; path = UIView.swift; sourceTree = "<group>"; };
		885EEB9C25BCB70A00D2DE0A /* DatabaseManager.swift */ = {isa = PBXFileReference; lastKnownFileType = sourcecode.swift; path = DatabaseManager.swift; sourceTree = "<group>"; };
		885EEBA025BCC21000D2DE0A /* DetailCollectionViewCell.xib */ = {isa = PBXFileReference; lastKnownFileType = file.xib; path = DetailCollectionViewCell.xib; sourceTree = "<group>"; };
		885EEBA325BCC39600D2DE0A /* DetailCollectionViewCell.swift */ = {isa = PBXFileReference; lastKnownFileType = sourcecode.swift; path = DetailCollectionViewCell.swift; sourceTree = "<group>"; };
		885EEBA825BCD3C000D2DE0A /* Details.swift */ = {isa = PBXFileReference; lastKnownFileType = sourcecode.swift; path = Details.swift; sourceTree = "<group>"; };
		885EEBAC25BCD3F800D2DE0A /* TemperatureFormatter.swift */ = {isa = PBXFileReference; lastKnownFileType = sourcecode.swift; path = TemperatureFormatter.swift; sourceTree = "<group>"; };
		885EEBB125BCD55300D2DE0A /* CustomDateFormatter.swift */ = {isa = PBXFileReference; lastKnownFileType = sourcecode.swift; path = CustomDateFormatter.swift; sourceTree = "<group>"; };
		887E245125BADECB00560B57 /* Weather Project PM.app */ = {isa = PBXFileReference; explicitFileType = wrapper.application; includeInIndex = 0; path = "Weather Project PM.app"; sourceTree = BUILT_PRODUCTS_DIR; };
		887E245425BADECB00560B57 /* AppDelegate.swift */ = {isa = PBXFileReference; lastKnownFileType = sourcecode.swift; path = AppDelegate.swift; sourceTree = "<group>"; };
		887E245625BADECB00560B57 /* SceneDelegate.swift */ = {isa = PBXFileReference; lastKnownFileType = sourcecode.swift; path = SceneDelegate.swift; sourceTree = "<group>"; };
		887E245825BADECB00560B57 /* CitiesViewController.swift */ = {isa = PBXFileReference; lastKnownFileType = sourcecode.swift; path = CitiesViewController.swift; sourceTree = "<group>"; };
		887E245B25BADECB00560B57 /* Base */ = {isa = PBXFileReference; lastKnownFileType = file.storyboard; name = Base; path = Base.lproj/Main.storyboard; sourceTree = "<group>"; };
		887E245D25BADECD00560B57 /* Assets.xcassets */ = {isa = PBXFileReference; lastKnownFileType = folder.assetcatalog; path = Assets.xcassets; sourceTree = "<group>"; };
		887E246025BADECD00560B57 /* Base */ = {isa = PBXFileReference; lastKnownFileType = file.storyboard; name = Base; path = Base.lproj/LaunchScreen.storyboard; sourceTree = "<group>"; };
		887E246225BADECD00560B57 /* Info.plist */ = {isa = PBXFileReference; lastKnownFileType = text.plist.xml; path = Info.plist; sourceTree = "<group>"; };
		88CE03C725BDC633002C11AF /* Prediction.swift */ = {isa = PBXFileReference; lastKnownFileType = sourcecode.swift; path = Prediction.swift; sourceTree = "<group>"; };
		88CE03CB25BDC9AE002C11AF /* ForecastCollectionViewDataSource.swift */ = {isa = PBXFileReference; lastKnownFileType = sourcecode.swift; path = ForecastCollectionViewDataSource.swift; sourceTree = "<group>"; };
		88CE03CF25BDCAA0002C11AF /* ForecastCollectionViewCell.swift */ = {isa = PBXFileReference; lastKnownFileType = sourcecode.swift; path = ForecastCollectionViewCell.swift; sourceTree = "<group>"; };
		88CE03D325BDCB20002C11AF /* ForecastCollectionViewCell.xib */ = {isa = PBXFileReference; lastKnownFileType = file.xib; path = ForecastCollectionViewCell.xib; sourceTree = "<group>"; };
		88CE03D625BDCE7B002C11AF /* ForecastCollectionViewDelegate.swift */ = {isa = PBXFileReference; lastKnownFileType = sourcecode.swift; path = ForecastCollectionViewDelegate.swift; sourceTree = "<group>"; };
/* End PBXFileReference section */

/* Begin PBXFrameworksBuildPhase section */
		887E244E25BADECB00560B57 /* Frameworks */ = {
			isa = PBXFrameworksBuildPhase;
			buildActionMask = 2147483647;
			files = (
			);
			runOnlyForDeploymentPostprocessing = 0;
		};
/* End PBXFrameworksBuildPhase section */

/* Begin PBXGroup section */
		885EEB7025BB566300D2DE0A /* CityCollectionViewCell */ = {
			isa = PBXGroup;
			children = (
				885EEB7225BB567E00D2DE0A /* CityCollectionViewCell.swift */,
				885EEB7525BB570C00D2DE0A /* CityCollectionViewCell.xib */,
			);
			path = CityCollectionViewCell;
			sourceTree = "<group>";
		};
		885EEB7E25BB5E2800D2DE0A /* Secrets */ = {
			isa = PBXGroup;
			children = (
				885EEB7F25BB5E3300D2DE0A /* Secrets.swift */,
			);
			path = Secrets;
			sourceTree = "<group>";
		};
		885EEB9225BC7D4600D2DE0A /* CityDetailViewController */ = {
			isa = PBXGroup;
			children = (
				88CE03CA25BDC99A002C11AF /* ForecastCollectionView */,
				885EEB9325BC7D5800D2DE0A /* CityDetailViewController.swift */,
			);
			path = CityDetailViewController;
			sourceTree = "<group>";
		};
		885EEB9725BC849900D2DE0A /* Extensions */ = {
			isa = PBXGroup;
			children = (
				885EEB9825BC84AB00D2DE0A /* UIView.swift */,
			);
			path = Extensions;
			sourceTree = "<group>";
		};
		885EEB9B25BCB70000D2DE0A /* Database */ = {
			isa = PBXGroup;
			children = (
				885EEB9C25BCB70A00D2DE0A /* DatabaseManager.swift */,
			);
			path = Database;
			sourceTree = "<group>";
		};
		885EEB9F25BCC1FD00D2DE0A /* DetailCollectionViewCell */ = {
			isa = PBXGroup;
			children = (
				885EEBA325BCC39600D2DE0A /* DetailCollectionViewCell.swift */,
				885EEBA025BCC21000D2DE0A /* DetailCollectionViewCell.xib */,
			);
			path = DetailCollectionViewCell;
			sourceTree = "<group>";
		};
		885EEBB025BCD53300D2DE0A /* Formatters */ = {
			isa = PBXGroup;
			children = (
				885EEBAC25BCD3F800D2DE0A /* TemperatureFormatter.swift */,
				885EEBB125BCD55300D2DE0A /* CustomDateFormatter.swift */,
			);
			path = Formatters;
			sourceTree = "<group>";
		};
		887E244825BADECB00560B57 = {
			isa = PBXGroup;
			children = (
				887E245325BADECB00560B57 /* Weather Project PM */,
				887E245225BADECB00560B57 /* Products */,
			);
			sourceTree = "<group>";
		};
		887E245225BADECB00560B57 /* Products */ = {
			isa = PBXGroup;
			children = (
				887E245125BADECB00560B57 /* Weather Project PM.app */,
			);
			name = Products;
			sourceTree = "<group>";
		};
		887E245325BADECB00560B57 /* Weather Project PM */ = {
			isa = PBXGroup;
			children = (
				887E246C25BAF0F200560B57 /* Application */,
				885EEB9B25BCB70000D2DE0A /* Database */,
				885EEB9725BC849900D2DE0A /* Extensions */,
				885EEBB025BCD53300D2DE0A /* Formatters */,
				887E246A25BAF0C600560B57 /* Models */,
				887E246B25BAF0D000560B57 /* Network */,
				887E246925BAF0BD00560B57 /* ViewControllers */,
				887E246F25BAF1F100560B57 /* Views */,
				887E246D25BAF10200560B57 /* Resources */,
				885EEB7E25BB5E2800D2DE0A /* Secrets */,
				887E246225BADECD00560B57 /* Info.plist */,
			);
			path = "Weather Project PM";
			sourceTree = "<group>";
		};
		887E246925BAF0BD00560B57 /* ViewControllers */ = {
			isa = PBXGroup;
			children = (
				885EEB9225BC7D4600D2DE0A /* CityDetailViewController */,
				887E247025BAF28B00560B57 /* CitiesViewController */,
			);
			path = ViewControllers;
			sourceTree = "<group>";
		};
		887E246A25BAF0C600560B57 /* Models */ = {
			isa = PBXGroup;
			children = (
				885EEB7B25BB5A8A00D2DE0A /* Weather.swift */,
				885EEBA825BCD3C000D2DE0A /* Details.swift */,
				88CE03C725BDC633002C11AF /* Prediction.swift */,
			);
			path = Models;
			sourceTree = "<group>";
		};
		887E246B25BAF0D000560B57 /* Network */ = {
			isa = PBXGroup;
			children = (
				885EEB8325BB5F1200D2DE0A /* NetworkService.swift */,
				885EEB8925BB60BE00D2DE0A /* WeatherNetworkManager.swift */,
				885EEB8D25BC14CF00D2DE0A /* URLProvider.swift */,
			);
			path = Network;
			sourceTree = "<group>";
		};
		887E246C25BAF0F200560B57 /* Application */ = {
			isa = PBXGroup;
			children = (
				887E245425BADECB00560B57 /* AppDelegate.swift */,
				887E245625BADECB00560B57 /* SceneDelegate.swift */,
			);
			path = Application;
			sourceTree = "<group>";
		};
		887E246D25BAF10200560B57 /* Resources */ = {
			isa = PBXGroup;
			children = (
				887E245D25BADECD00560B57 /* Assets.xcassets */,
			);
			path = Resources;
			sourceTree = "<group>";
		};
		887E246F25BAF1F100560B57 /* Views */ = {
			isa = PBXGroup;
			children = (
				88CE03CE25BDCA91002C11AF /* ForecastCollectionViewCell */,
				885EEB9F25BCC1FD00D2DE0A /* DetailCollectionViewCell */,
				885EEB7025BB566300D2DE0A /* CityCollectionViewCell */,
				887E245A25BADECB00560B57 /* Main.storyboard */,
				887E245F25BADECD00560B57 /* LaunchScreen.storyboard */,
			);
			path = Views;
			sourceTree = "<group>";
		};
		887E247025BAF28B00560B57 /* CitiesViewController */ = {
			isa = PBXGroup;
			children = (
				887E245825BADECB00560B57 /* CitiesViewController.swift */,
			);
			path = CitiesViewController;
			sourceTree = "<group>";
		};
		88CE03CA25BDC99A002C11AF /* ForecastCollectionView */ = {
			isa = PBXGroup;
			children = (
				88CE03CB25BDC9AE002C11AF /* ForecastCollectionViewDataSource.swift */,
				88CE03D625BDCE7B002C11AF /* ForecastCollectionViewDelegate.swift */,
			);
			path = ForecastCollectionView;
			sourceTree = "<group>";
		};
		88CE03CE25BDCA91002C11AF /* ForecastCollectionViewCell */ = {
			isa = PBXGroup;
			children = (
				88CE03CF25BDCAA0002C11AF /* ForecastCollectionViewCell.swift */,
				88CE03D325BDCB20002C11AF /* ForecastCollectionViewCell.xib */,
			);
			path = ForecastCollectionViewCell;
			sourceTree = "<group>";
		};
/* End PBXGroup section */

/* Begin PBXNativeTarget section */
		887E245025BADECB00560B57 /* Weather Project PM */ = {
			isa = PBXNativeTarget;
			buildConfigurationList = 887E246525BADECD00560B57 /* Build configuration list for PBXNativeTarget "Weather Project PM" */;
			buildPhases = (
				887E244D25BADECB00560B57 /* Sources */,
				887E244E25BADECB00560B57 /* Frameworks */,
				887E244F25BADECB00560B57 /* Resources */,
			);
			buildRules = (
			);
			dependencies = (
			);
			name = "Weather Project PM";
			productName = "Weather Project PM";
			productReference = 887E245125BADECB00560B57 /* Weather Project PM.app */;
			productType = "com.apple.product-type.application";
		};
/* End PBXNativeTarget section */

/* Begin PBXProject section */
		887E244925BADECB00560B57 /* Project object */ = {
			isa = PBXProject;
			attributes = {
				LastSwiftUpdateCheck = 1230;
				LastUpgradeCheck = 1230;
				TargetAttributes = {
					887E245025BADECB00560B57 = {
						CreatedOnToolsVersion = 12.3;
					};
				};
			};
			buildConfigurationList = 887E244C25BADECB00560B57 /* Build configuration list for PBXProject "Weather Project PM" */;
			compatibilityVersion = "Xcode 9.3";
			developmentRegion = en;
			hasScannedForEncodings = 0;
			knownRegions = (
				en,
				Base,
			);
			mainGroup = 887E244825BADECB00560B57;
			productRefGroup = 887E245225BADECB00560B57 /* Products */;
			projectDirPath = "";
			projectRoot = "";
			targets = (
				887E245025BADECB00560B57 /* Weather Project PM */,
			);
		};
/* End PBXProject section */

/* Begin PBXResourcesBuildPhase section */
		887E244F25BADECB00560B57 /* Resources */ = {
			isa = PBXResourcesBuildPhase;
			buildActionMask = 2147483647;
			files = (
				887E246125BADECD00560B57 /* LaunchScreen.storyboard in Resources */,
				88CE03D425BDCB20002C11AF /* ForecastCollectionViewCell.xib in Resources */,
				887E245E25BADECD00560B57 /* Assets.xcassets in Resources */,
				887E245C25BADECB00560B57 /* Main.storyboard in Resources */,
				885EEB7625BB570C00D2DE0A /* CityCollectionViewCell.xib in Resources */,
				885EEBA125BCC21000D2DE0A /* DetailCollectionViewCell.xib in Resources */,
			);
			runOnlyForDeploymentPostprocessing = 0;
		};
/* End PBXResourcesBuildPhase section */

/* Begin PBXSourcesBuildPhase section */
		887E244D25BADECB00560B57 /* Sources */ = {
			isa = PBXSourcesBuildPhase;
			buildActionMask = 2147483647;
			files = (
				887E245925BADECB00560B57 /* CitiesViewController.swift in Sources */,
				885EEBB225BCD55300D2DE0A /* CustomDateFormatter.swift in Sources */,
				885EEB8E25BC14CF00D2DE0A /* URLProvider.swift in Sources */,
				88CE03D025BDCAA0002C11AF /* ForecastCollectionViewCell.swift in Sources */,
				885EEB9925BC84AB00D2DE0A /* UIView.swift in Sources */,
				885EEBA425BCC39600D2DE0A /* DetailCollectionViewCell.swift in Sources */,
				885EEB8025BB5E3300D2DE0A /* Secrets.swift in Sources */,
				885EEB7325BB567E00D2DE0A /* CityCollectionViewCell.swift in Sources */,
				88CE03D725BDCE7B002C11AF /* ForecastCollectionViewDelegate.swift in Sources */,
				88CE03C825BDC633002C11AF /* Prediction.swift in Sources */,
				885EEBA925BCD3C000D2DE0A /* Details.swift in Sources */,
				885EEB9425BC7D5800D2DE0A /* CityDetailViewController.swift in Sources */,
				885EEBAD25BCD3F800D2DE0A /* TemperatureFormatter.swift in Sources */,
				885EEB8425BB5F1200D2DE0A /* NetworkService.swift in Sources */,
				887E245525BADECB00560B57 /* AppDelegate.swift in Sources */,
				885EEB9D25BCB70A00D2DE0A /* DatabaseManager.swift in Sources */,
				88CE03CC25BDC9AE002C11AF /* ForecastCollectionViewDataSource.swift in Sources */,
				887E245725BADECB00560B57 /* SceneDelegate.swift in Sources */,
				885EEB7C25BB5A8A00D2DE0A /* Weather.swift in Sources */,
				885EEB8A25BB60BE00D2DE0A /* WeatherNetworkManager.swift in Sources */,
			);
			runOnlyForDeploymentPostprocessing = 0;
		};
/* End PBXSourcesBuildPhase section */

/* Begin PBXVariantGroup section */
		887E245A25BADECB00560B57 /* Main.storyboard */ = {
			isa = PBXVariantGroup;
			children = (
				887E245B25BADECB00560B57 /* Base */,
			);
			name = Main.storyboard;
			sourceTree = "<group>";
		};
		887E245F25BADECD00560B57 /* LaunchScreen.storyboard */ = {
			isa = PBXVariantGroup;
			children = (
				887E246025BADECD00560B57 /* Base */,
			);
			name = LaunchScreen.storyboard;
			sourceTree = "<group>";
		};
/* End PBXVariantGroup section */

/* Begin XCBuildConfiguration section */
		887E246325BADECD00560B57 /* Debug */ = {
			isa = XCBuildConfiguration;
			buildSettings = {
				ALWAYS_SEARCH_USER_PATHS = NO;
				CLANG_ANALYZER_NONNULL = YES;
				CLANG_ANALYZER_NUMBER_OBJECT_CONVERSION = YES_AGGRESSIVE;
				CLANG_CXX_LANGUAGE_STANDARD = "gnu++14";
				CLANG_CXX_LIBRARY = "libc++";
				CLANG_ENABLE_MODULES = YES;
				CLANG_ENABLE_OBJC_ARC = YES;
				CLANG_ENABLE_OBJC_WEAK = YES;
				CLANG_WARN_BLOCK_CAPTURE_AUTORELEASING = YES;
				CLANG_WARN_BOOL_CONVERSION = YES;
				CLANG_WARN_COMMA = YES;
				CLANG_WARN_CONSTANT_CONVERSION = YES;
				CLANG_WARN_DEPRECATED_OBJC_IMPLEMENTATIONS = YES;
				CLANG_WARN_DIRECT_OBJC_ISA_USAGE = YES_ERROR;
				CLANG_WARN_DOCUMENTATION_COMMENTS = YES;
				CLANG_WARN_EMPTY_BODY = YES;
				CLANG_WARN_ENUM_CONVERSION = YES;
				CLANG_WARN_INFINITE_RECURSION = YES;
				CLANG_WARN_INT_CONVERSION = YES;
				CLANG_WARN_NON_LITERAL_NULL_CONVERSION = YES;
				CLANG_WARN_OBJC_IMPLICIT_RETAIN_SELF = YES;
				CLANG_WARN_OBJC_LITERAL_CONVERSION = YES;
				CLANG_WARN_OBJC_ROOT_CLASS = YES_ERROR;
				CLANG_WARN_QUOTED_INCLUDE_IN_FRAMEWORK_HEADER = YES;
				CLANG_WARN_RANGE_LOOP_ANALYSIS = YES;
				CLANG_WARN_STRICT_PROTOTYPES = YES;
				CLANG_WARN_SUSPICIOUS_MOVE = YES;
				CLANG_WARN_UNGUARDED_AVAILABILITY = YES_AGGRESSIVE;
				CLANG_WARN_UNREACHABLE_CODE = YES;
				CLANG_WARN__DUPLICATE_METHOD_MATCH = YES;
				COPY_PHASE_STRIP = NO;
				DEBUG_INFORMATION_FORMAT = dwarf;
				ENABLE_STRICT_OBJC_MSGSEND = YES;
				ENABLE_TESTABILITY = YES;
				GCC_C_LANGUAGE_STANDARD = gnu11;
				GCC_DYNAMIC_NO_PIC = NO;
				GCC_NO_COMMON_BLOCKS = YES;
				GCC_OPTIMIZATION_LEVEL = 0;
				GCC_PREPROCESSOR_DEFINITIONS = (
					"DEBUG=1",
					"$(inherited)",
				);
				GCC_WARN_64_TO_32_BIT_CONVERSION = YES;
				GCC_WARN_ABOUT_RETURN_TYPE = YES_ERROR;
				GCC_WARN_UNDECLARED_SELECTOR = YES;
				GCC_WARN_UNINITIALIZED_AUTOS = YES_AGGRESSIVE;
				GCC_WARN_UNUSED_FUNCTION = YES;
				GCC_WARN_UNUSED_VARIABLE = YES;
				IPHONEOS_DEPLOYMENT_TARGET = 14.3;
				MTL_ENABLE_DEBUG_INFO = INCLUDE_SOURCE;
				MTL_FAST_MATH = YES;
				ONLY_ACTIVE_ARCH = YES;
				SDKROOT = iphoneos;
				SWIFT_ACTIVE_COMPILATION_CONDITIONS = DEBUG;
				SWIFT_OPTIMIZATION_LEVEL = "-Onone";
			};
			name = Debug;
		};
		887E246425BADECD00560B57 /* Release */ = {
			isa = XCBuildConfiguration;
			buildSettings = {
				ALWAYS_SEARCH_USER_PATHS = NO;
				CLANG_ANALYZER_NONNULL = YES;
				CLANG_ANALYZER_NUMBER_OBJECT_CONVERSION = YES_AGGRESSIVE;
				CLANG_CXX_LANGUAGE_STANDARD = "gnu++14";
				CLANG_CXX_LIBRARY = "libc++";
				CLANG_ENABLE_MODULES = YES;
				CLANG_ENABLE_OBJC_ARC = YES;
				CLANG_ENABLE_OBJC_WEAK = YES;
				CLANG_WARN_BLOCK_CAPTURE_AUTORELEASING = YES;
				CLANG_WARN_BOOL_CONVERSION = YES;
				CLANG_WARN_COMMA = YES;
				CLANG_WARN_CONSTANT_CONVERSION = YES;
				CLANG_WARN_DEPRECATED_OBJC_IMPLEMENTATIONS = YES;
				CLANG_WARN_DIRECT_OBJC_ISA_USAGE = YES_ERROR;
				CLANG_WARN_DOCUMENTATION_COMMENTS = YES;
				CLANG_WARN_EMPTY_BODY = YES;
				CLANG_WARN_ENUM_CONVERSION = YES;
				CLANG_WARN_INFINITE_RECURSION = YES;
				CLANG_WARN_INT_CONVERSION = YES;
				CLANG_WARN_NON_LITERAL_NULL_CONVERSION = YES;
				CLANG_WARN_OBJC_IMPLICIT_RETAIN_SELF = YES;
				CLANG_WARN_OBJC_LITERAL_CONVERSION = YES;
				CLANG_WARN_OBJC_ROOT_CLASS = YES_ERROR;
				CLANG_WARN_QUOTED_INCLUDE_IN_FRAMEWORK_HEADER = YES;
				CLANG_WARN_RANGE_LOOP_ANALYSIS = YES;
				CLANG_WARN_STRICT_PROTOTYPES = YES;
				CLANG_WARN_SUSPICIOUS_MOVE = YES;
				CLANG_WARN_UNGUARDED_AVAILABILITY = YES_AGGRESSIVE;
				CLANG_WARN_UNREACHABLE_CODE = YES;
				CLANG_WARN__DUPLICATE_METHOD_MATCH = YES;
				COPY_PHASE_STRIP = NO;
				DEBUG_INFORMATION_FORMAT = "dwarf-with-dsym";
				ENABLE_NS_ASSERTIONS = NO;
				ENABLE_STRICT_OBJC_MSGSEND = YES;
				GCC_C_LANGUAGE_STANDARD = gnu11;
				GCC_NO_COMMON_BLOCKS = YES;
				GCC_WARN_64_TO_32_BIT_CONVERSION = YES;
				GCC_WARN_ABOUT_RETURN_TYPE = YES_ERROR;
				GCC_WARN_UNDECLARED_SELECTOR = YES;
				GCC_WARN_UNINITIALIZED_AUTOS = YES_AGGRESSIVE;
				GCC_WARN_UNUSED_FUNCTION = YES;
				GCC_WARN_UNUSED_VARIABLE = YES;
				IPHONEOS_DEPLOYMENT_TARGET = 14.3;
				MTL_ENABLE_DEBUG_INFO = NO;
				MTL_FAST_MATH = YES;
				SDKROOT = iphoneos;
				SWIFT_COMPILATION_MODE = wholemodule;
				SWIFT_OPTIMIZATION_LEVEL = "-O";
				VALIDATE_PRODUCT = YES;
			};
			name = Release;
		};
		887E246625BADECD00560B57 /* Debug */ = {
			isa = XCBuildConfiguration;
			buildSettings = {
				ASSETCATALOG_COMPILER_APPICON_NAME = AppIcon;
				ASSETCATALOG_COMPILER_GLOBAL_ACCENT_COLOR_NAME = AccentColor;
				CODE_SIGN_STYLE = Automatic;
				DEVELOPMENT_TEAM = 87N7QPTHS6;
				INFOPLIST_FILE = "Weather Project PM/Info.plist";
				LD_RUNPATH_SEARCH_PATHS = (
					"$(inherited)",
					"@executable_path/Frameworks",
				);
				PRODUCT_BUNDLE_IDENTIFIER = "com.beaxhem.Weather-Project-PM";
				PRODUCT_NAME = "$(TARGET_NAME)";
				SWIFT_VERSION = 5.0;
				TARGETED_DEVICE_FAMILY = "1,2";
			};
			name = Debug;
		};
		887E246725BADECD00560B57 /* Release */ = {
			isa = XCBuildConfiguration;
			buildSettings = {
				ASSETCATALOG_COMPILER_APPICON_NAME = AppIcon;
				ASSETCATALOG_COMPILER_GLOBAL_ACCENT_COLOR_NAME = AccentColor;
				CODE_SIGN_STYLE = Automatic;
				DEVELOPMENT_TEAM = 87N7QPTHS6;
				INFOPLIST_FILE = "Weather Project PM/Info.plist";
				LD_RUNPATH_SEARCH_PATHS = (
					"$(inherited)",
					"@executable_path/Frameworks",
				);
				PRODUCT_BUNDLE_IDENTIFIER = "com.beaxhem.Weather-Project-PM";
				PRODUCT_NAME = "$(TARGET_NAME)";
				SWIFT_VERSION = 5.0;
				TARGETED_DEVICE_FAMILY = "1,2";
			};
			name = Release;
		};
/* End XCBuildConfiguration section */

/* Begin XCConfigurationList section */
		887E244C25BADECB00560B57 /* Build configuration list for PBXProject "Weather Project PM" */ = {
			isa = XCConfigurationList;
			buildConfigurations = (
				887E246325BADECD00560B57 /* Debug */,
				887E246425BADECD00560B57 /* Release */,
			);
			defaultConfigurationIsVisible = 0;
			defaultConfigurationName = Release;
		};
		887E246525BADECD00560B57 /* Build configuration list for PBXNativeTarget "Weather Project PM" */ = {
			isa = XCConfigurationList;
			buildConfigurations = (
				887E246625BADECD00560B57 /* Debug */,
				887E246725BADECD00560B57 /* Release */,
			);
			defaultConfigurationIsVisible = 0;
			defaultConfigurationName = Release;
		};
/* End XCConfigurationList section */
	};
	rootObject = 887E244925BADECB00560B57 /* Project object */;
}
